
Microsoft Visual Studio Solution File, Format Version 12.00
# Visual Studio 15
VisualStudioVersion = 15.0.28307.572
MinimumVisualStudioVersion = 10.0.40219.1
Project("{FAE04EC0-301F-11D3-BF4B-00C04F79EFBC}") = "TestingCodeConsoleApp", "TestingCodeConsoleApp\TestingCodeConsoleApp.csproj", "{EFA6C22A-EAE7-448F-B74A-497D0B22577D}"
EndProject
Project("{FAE04EC0-301F-11D3-BF4B-00C04F79EFBC}") = "WorkingOnEvents", "WorkingOnEvents\WorkingOnEvents.csproj", "{F4EF2CEF-1380-4836-99EE-41F876849992}"
EndProject
Project("{FAE04EC0-301F-11D3-BF4B-00C04F79EFBC}") = "CopyOfEmils", "CopyOfEmils\CopyOfEmils.csproj", "{1950E2BB-D6D1-49AE-9A99-D0319BBA26EA}"
EndProject
Project("{FAE04EC0-301F-11D3-BF4B-00C04F79EFBC}") = "TriangleCoding", "TriangleCoding\TriangleCoding.csproj", "{08EE2B43-D198-4927-916C-3B841E677D32}"
EndProject
Global
	GlobalSection(SolutionConfigurationPlatforms) = preSolution
		Debug|Any CPU = Debug|Any CPU
		Release|Any CPU = Release|Any CPU
	EndGlobalSection
	GlobalSection(ProjectConfigurationPlatforms) = postSolution
		{EFA6C22A-EAE7-448F-B74A-497D0B22577D}.Debug|Any CPU.ActiveCfg = Debug|Any CPU
		{EFA6C22A-EAE7-448F-B74A-497D0B22577D}.Debug|Any CPU.Build.0 = Debug|Any CPU
		{EFA6C22A-EAE7-448F-B74A-497D0B22577D}.Release|Any CPU.ActiveCfg = Release|Any CPU
		{EFA6C22A-EAE7-448F-B74A-497D0B22577D}.Release|Any CPU.Build.0 = Release|Any CPU
		{F4EF2CEF-1380-4836-99EE-41F876849992}.Debug|Any CPU.ActiveCfg = Debug|Any CPU
		{F4EF2CEF-1380-4836-99EE-41F876849992}.Debug|Any CPU.Build.0 = Debug|Any CPU
		{F4EF2CEF-1380-4836-99EE-41F876849992}.Release|Any CPU.ActiveCfg = Release|Any CPU
		{F4EF2CEF-1380-4836-99EE-41F876849992}.Release|Any CPU.Build.0 = Release|Any CPU
		{1950E2BB-D6D1-49AE-9A99-D0319BBA26EA}.Debug|Any CPU.ActiveCfg = Debug|Any CPU
		{1950E2BB-D6D1-49AE-9A99-D0319BBA26EA}.Debug|Any CPU.Build.0 = Debug|Any CPU
		{1950E2BB-D6D1-49AE-9A99-D0319BBA26EA}.Release|Any CPU.ActiveCfg = Release|Any CPU
		{1950E2BB-D6D1-49AE-9A99-D0319BBA26EA}.Release|Any CPU.Build.0 = Release|Any CPU
		{08EE2B43-D198-4927-916C-3B841E677D32}.Debug|Any CPU.ActiveCfg = Debug|Any CPU
		{08EE2B43-D198-4927-916C-3B841E677D32}.Debug|Any CPU.Build.0 = Debug|Any CPU
		{08EE2B43-D198-4927-916C-3B841E677D32}.Release|Any CPU.ActiveCfg = Release|Any CPU
		{08EE2B43-D198-4927-916C-3B841E677D32}.Release|Any CPU.Build.0 = Release|Any CPU
	EndGlobalSection
	GlobalSection(SolutionProperties) = preSolution
		HideSolutionNode = FALSE
	EndGlobalSection
	GlobalSection(ExtensibilityGlobals) = postSolution
		SolutionGuid = {353C1CD8-CB3D-49A7-B291-01F6CE3477D2}
	EndGlobalSection
EndGlobal
